
Microsoft Visual Studio Solution File, Format Version 12.00
# Visual Studio Version 17
VisualStudioVersion = 17.6.33801.468
MinimumVisualStudioVersion = 10.0.40219.1
Project("{9A19103F-16F7-4668-BE54-9A1E7A4F7556}") = "TempleOfDoom", "P01\TempleOfDoom.csproj", "{E1B9DAEE-64C5-4333-9731-C138E3BFF6B4}"
EndProject
Project("{9A19103F-16F7-4668-BE54-9A1E7A4F7556}") = "MouseInTheKitchen", "P02\MouseInTheKitchen.csproj", "{A4B416FF-04E9-4493-8FEE-D75A6930067E}"
EndProject
Global
	GlobalSection(SolutionConfigurationPlatforms) = preSolution
		Debug|Any CPU = Debug|Any CPU
		Release|Any CPU = Release|Any CPU
	EndGlobalSection
	GlobalSection(ProjectConfigurationPlatforms) = postSolution
		{E1B9DAEE-64C5-4333-9731-C138E3BFF6B4}.Debug|Any CPU.ActiveCfg = Debug|Any CPU
		{E1B9DAEE-64C5-4333-9731-C138E3BFF6B4}.Debug|Any CPU.Build.0 = Debug|Any CPU
		{E1B9DAEE-64C5-4333-9731-C138E3BFF6B4}.Release|Any CPU.ActiveCfg = Release|Any CPU
		{E1B9DAEE-64C5-4333-9731-C138E3BFF6B4}.Release|Any CPU.Build.0 = Release|Any CPU
		{A4B416FF-04E9-4493-8FEE-D75A6930067E}.Debug|Any CPU.ActiveCfg = Debug|Any CPU
		{A4B416FF-04E9-4493-8FEE-D75A6930067E}.Debug|Any CPU.Build.0 = Debug|Any CPU
		{A4B416FF-04E9-4493-8FEE-D75A6930067E}.Release|Any CPU.ActiveCfg = Release|Any CPU
		{A4B416FF-04E9-4493-8FEE-D75A6930067E}.Release|Any CPU.Build.0 = Release|Any CPU
	EndGlobalSection
	GlobalSection(SolutionProperties) = preSolution
		HideSolutionNode = FALSE
	EndGlobalSection
	GlobalSection(ExtensibilityGlobals) = postSolution
		SolutionGuid = {D6FCD062-B4B0-42BE-8725-057892EB58ED}
	EndGlobalSection
EndGlobal
