
Microsoft Visual Studio Solution File, Format Version 12.00
# Visual Studio Version 17
VisualStudioVersion = 17.6.33723.286
MinimumVisualStudioVersion = 10.0.40219.1
Project("{9A19103F-16F7-4668-BE54-9A1E7A4F7556}") = "ClothesMagazine", "ClothesMagazine.csproj", "{EA7E0728-D7AD-492B-945B-BA702B856E14}"
EndProject
Global
	GlobalSection(SolutionConfigurationPlatforms) = preSolution
		Debug|Any CPU = Debug|Any CPU
		Release|Any CPU = Release|Any CPU
	EndGlobalSection
	GlobalSection(ProjectConfigurationPlatforms) = postSolution
		{EA7E0728-D7AD-492B-945B-BA702B856E14}.Debug|Any CPU.ActiveCfg = Debug|Any CPU
		{EA7E0728-D7AD-492B-945B-BA702B856E14}.Debug|Any CPU.Build.0 = Debug|Any CPU
		{EA7E0728-D7AD-492B-945B-BA702B856E14}.Release|Any CPU.ActiveCfg = Release|Any CPU
		{EA7E0728-D7AD-492B-945B-BA702B856E14}.Release|Any CPU.Build.0 = Release|Any CPU
	EndGlobalSection
	GlobalSection(SolutionProperties) = preSolution
		HideSolutionNode = FALSE
	EndGlobalSection
	GlobalSection(ExtensibilityGlobals) = postSolution
		SolutionGuid = {08F14A98-C354-434E-B7C5-23BE2D5E1CC4}
	EndGlobalSection
EndGlobal
