
Microsoft Visual Studio Solution File, Format Version 12.00
# Visual Studio Version 17
VisualStudioVersion = 17.6.33723.286
MinimumVisualStudioVersion = 10.0.40219.1
Project("{FAE04EC0-301F-11D3-BF4B-00C04F79EFBC}") = "RubberDuckDebuggers", "RubberDuckDebuggers\RubberDuckDebuggers.csproj", "{D35B2814-DEFE-4269-A576-605FDFA79A66}"
EndProject
Project("{FAE04EC0-301F-11D3-BF4B-00C04F79EFBC}") = "TheSquirrel", "TheSquirrel\TheSquirrel.csproj", "{409592C9-A8DB-4894-B13C-B76CA77E3F57}"
EndProject
Global
	GlobalSection(SolutionConfigurationPlatforms) = preSolution
		Debug|Any CPU = Debug|Any CPU
		Release|Any CPU = Release|Any CPU
	EndGlobalSection
	GlobalSection(ProjectConfigurationPlatforms) = postSolution
		{D35B2814-DEFE-4269-A576-605FDFA79A66}.Debug|Any CPU.ActiveCfg = Debug|Any CPU
		{D35B2814-DEFE-4269-A576-605FDFA79A66}.Debug|Any CPU.Build.0 = Debug|Any CPU
		{D35B2814-DEFE-4269-A576-605FDFA79A66}.Release|Any CPU.ActiveCfg = Release|Any CPU
		{D35B2814-DEFE-4269-A576-605FDFA79A66}.Release|Any CPU.Build.0 = Release|Any CPU
		{409592C9-A8DB-4894-B13C-B76CA77E3F57}.Debug|Any CPU.ActiveCfg = Debug|Any CPU
		{409592C9-A8DB-4894-B13C-B76CA77E3F57}.Debug|Any CPU.Build.0 = Debug|Any CPU
		{409592C9-A8DB-4894-B13C-B76CA77E3F57}.Release|Any CPU.ActiveCfg = Release|Any CPU
		{409592C9-A8DB-4894-B13C-B76CA77E3F57}.Release|Any CPU.Build.0 = Release|Any CPU
	EndGlobalSection
	GlobalSection(SolutionProperties) = preSolution
		HideSolutionNode = FALSE
	EndGlobalSection
	GlobalSection(ExtensibilityGlobals) = postSolution
		SolutionGuid = {F062D14C-71BC-4D35-A402-646DB55A3EA5}
	EndGlobalSection
EndGlobal
