
Microsoft Visual Studio Solution File, Format Version 12.00
# Visual Studio Version 17
VisualStudioVersion = 17.6.33723.286
MinimumVisualStudioVersion = 10.0.40219.1
Project("{FAE04EC0-301F-11D3-BF4B-00C04F79EFBC}") = "Lootbox", "Lootbox\Lootbox.csproj", "{EC271623-EFBB-4B80-84B7-8186566FA41B}"
EndProject
Project("{FAE04EC0-301F-11D3-BF4B-00C04F79EFBC}") = "ReVolt", "ReVolt\ReVolt.csproj", "{EC061F0A-CB54-406C-B58D-FF1BCB3E5086}"
EndProject
Project("{FAE04EC0-301F-11D3-BF4B-00C04F79EFBC}") = "Guild", "Guild\Guild.csproj", "{24A4D07F-6165-4035-89D7-8448466E37FD}"
EndProject
Global
	GlobalSection(SolutionConfigurationPlatforms) = preSolution
		Debug|Any CPU = Debug|Any CPU
		Release|Any CPU = Release|Any CPU
	EndGlobalSection
	GlobalSection(ProjectConfigurationPlatforms) = postSolution
		{EC271623-EFBB-4B80-84B7-8186566FA41B}.Debug|Any CPU.ActiveCfg = Debug|Any CPU
		{EC271623-EFBB-4B80-84B7-8186566FA41B}.Debug|Any CPU.Build.0 = Debug|Any CPU
		{EC271623-EFBB-4B80-84B7-8186566FA41B}.Release|Any CPU.ActiveCfg = Release|Any CPU
		{EC271623-EFBB-4B80-84B7-8186566FA41B}.Release|Any CPU.Build.0 = Release|Any CPU
		{EC061F0A-CB54-406C-B58D-FF1BCB3E5086}.Debug|Any CPU.ActiveCfg = Debug|Any CPU
		{EC061F0A-CB54-406C-B58D-FF1BCB3E5086}.Debug|Any CPU.Build.0 = Debug|Any CPU
		{EC061F0A-CB54-406C-B58D-FF1BCB3E5086}.Release|Any CPU.ActiveCfg = Release|Any CPU
		{EC061F0A-CB54-406C-B58D-FF1BCB3E5086}.Release|Any CPU.Build.0 = Release|Any CPU
		{24A4D07F-6165-4035-89D7-8448466E37FD}.Debug|Any CPU.ActiveCfg = Debug|Any CPU
		{24A4D07F-6165-4035-89D7-8448466E37FD}.Debug|Any CPU.Build.0 = Debug|Any CPU
		{24A4D07F-6165-4035-89D7-8448466E37FD}.Release|Any CPU.ActiveCfg = Release|Any CPU
		{24A4D07F-6165-4035-89D7-8448466E37FD}.Release|Any CPU.Build.0 = Release|Any CPU
	EndGlobalSection
	GlobalSection(SolutionProperties) = preSolution
		HideSolutionNode = FALSE
	EndGlobalSection
	GlobalSection(ExtensibilityGlobals) = postSolution
		SolutionGuid = {E82B53E4-0371-425F-ADC4-9A814FEBF303}
	EndGlobalSection
EndGlobal
