
Microsoft Visual Studio Solution File, Format Version 12.00
# Visual Studio Version 17
VisualStudioVersion = 17.6.33723.286
MinimumVisualStudioVersion = 10.0.40219.1
Project("{FAE04EC0-301F-11D3-BF4B-00C04F79EFBC}") = "FoodFinder", "FoodFinder\FoodFinder.csproj", "{DE78F53E-0456-44E8-8326-85260C809E95}"
EndProject
Project("{FAE04EC0-301F-11D3-BF4B-00C04F79EFBC}") = "PawnWars", "PawnWars\PawnWars.csproj", "{5618B2EA-A6C3-46FF-8FA5-A39FF0D329AA}"
EndProject
Global
	GlobalSection(SolutionConfigurationPlatforms) = preSolution
		Debug|Any CPU = Debug|Any CPU
		Release|Any CPU = Release|Any CPU
	EndGlobalSection
	GlobalSection(ProjectConfigurationPlatforms) = postSolution
		{DE78F53E-0456-44E8-8326-85260C809E95}.Debug|Any CPU.ActiveCfg = Debug|Any CPU
		{DE78F53E-0456-44E8-8326-85260C809E95}.Debug|Any CPU.Build.0 = Debug|Any CPU
		{DE78F53E-0456-44E8-8326-85260C809E95}.Release|Any CPU.ActiveCfg = Release|Any CPU
		{DE78F53E-0456-44E8-8326-85260C809E95}.Release|Any CPU.Build.0 = Release|Any CPU
		{5618B2EA-A6C3-46FF-8FA5-A39FF0D329AA}.Debug|Any CPU.ActiveCfg = Debug|Any CPU
		{5618B2EA-A6C3-46FF-8FA5-A39FF0D329AA}.Debug|Any CPU.Build.0 = Debug|Any CPU
		{5618B2EA-A6C3-46FF-8FA5-A39FF0D329AA}.Release|Any CPU.ActiveCfg = Release|Any CPU
		{5618B2EA-A6C3-46FF-8FA5-A39FF0D329AA}.Release|Any CPU.Build.0 = Release|Any CPU
	EndGlobalSection
	GlobalSection(SolutionProperties) = preSolution
		HideSolutionNode = FALSE
	EndGlobalSection
	GlobalSection(ExtensibilityGlobals) = postSolution
		SolutionGuid = {09C4F6DB-3862-42AB-A682-64C1FB45F435}
	EndGlobalSection
EndGlobal
